
Microsoft Visual Studio Solution File, Format Version 12.00
# Visual Studio 2012
Project("{FAE04EC0-301F-11D3-BF4B-00C04F79EFBC}") = "Test", "Test\Test.csproj", "{23052D77-FEC1-401C-B00F-56A0F3E4080A}"
EndProject
Project("{FAE04EC0-301F-11D3-BF4B-00C04F79EFBC}") = "TeaCompiler", "TeaCompiler\TeaCompiler.csproj", "{2FB79816-90E8-4F3B-858E-DBD3CD45258B}"
EndProject
Global
	GlobalSection(SolutionConfigurationPlatforms) = preSolution
		Debug|Any CPU = Debug|Any CPU
		Release|Any CPU = Release|Any CPU
	EndGlobalSection
	GlobalSection(ProjectConfigurationPlatforms) = postSolution
		{23052D77-FEC1-401C-B00F-56A0F3E4080A}.Debug|Any CPU.ActiveCfg = Debug|Any CPU
		{23052D77-FEC1-401C-B00F-56A0F3E4080A}.Debug|Any CPU.Build.0 = Debug|Any CPU
		{23052D77-FEC1-401C-B00F-56A0F3E4080A}.Release|Any CPU.ActiveCfg = Release|Any CPU
		{23052D77-FEC1-401C-B00F-56A0F3E4080A}.Release|Any CPU.Build.0 = Release|Any CPU
		{2FB79816-90E8-4F3B-858E-DBD3CD45258B}.Debug|Any CPU.ActiveCfg = Debug|Any CPU
		{2FB79816-90E8-4F3B-858E-DBD3CD45258B}.Debug|Any CPU.Build.0 = Debug|Any CPU
		{2FB79816-90E8-4F3B-858E-DBD3CD45258B}.Release|Any CPU.ActiveCfg = Release|Any CPU
		{2FB79816-90E8-4F3B-858E-DBD3CD45258B}.Release|Any CPU.Build.0 = Release|Any CPU
	EndGlobalSection
	GlobalSection(SolutionProperties) = preSolution
		HideSolutionNode = FALSE
	EndGlobalSection
EndGlobal
