
Microsoft Visual Studio Solution File, Format Version 12.00
# Visual Studio 2012
Project("{FAE04EC0-301F-11D3-BF4B-00C04F79EFBC}") = "TeaScript", "TeaScript\TeaScript.csproj", "{C289071B-B0AA-44A8-8727-689D5DFD06F7}"
EndProject
Project("{FAE04EC0-301F-11D3-BF4B-00C04F79EFBC}") = "TeaScript.Demo", "TeaScript.Demo\TeaScript.Demo.csproj", "{A1521AB5-9773-415A-ACAA-83D809832F36}"
EndProject
Project("{2150E333-8FDC-42A3-9474-1A3956D46DE8}") = "_libs", "_libs", "{3925DAF3-B485-4274-AF76-FF8BC05A3085}"
EndProject
Project("{FAE04EC0-301F-11D3-BF4B-00C04F79EFBC}") = "Jint", "_lib\jint\Jint\Jint.csproj", "{DBF3AEF6-9D13-4E03-899B-561BCFDD9920}"
EndProject
Project("{FAE04EC0-301F-11D3-BF4B-00C04F79EFBC}") = "Jurassic", "_lib\jurassic\Jurassic\Jurassic.csproj", "{2CE5502D-8710-4BE3-9D90-201D526904B3}"
EndProject
Project("{FAE04EC0-301F-11D3-BF4B-00C04F79EFBC}") = "Test", "Test\Test.csproj", "{067A2AB5-FDDE-4A65-BCA1-A7EF456057CF}"
EndProject
Global
	GlobalSection(SolutionConfigurationPlatforms) = preSolution
		Debug|Any CPU = Debug|Any CPU
		Release|Any CPU = Release|Any CPU
	EndGlobalSection
	GlobalSection(ProjectConfigurationPlatforms) = postSolution
		{C289071B-B0AA-44A8-8727-689D5DFD06F7}.Debug|Any CPU.ActiveCfg = Debug|Any CPU
		{C289071B-B0AA-44A8-8727-689D5DFD06F7}.Debug|Any CPU.Build.0 = Debug|Any CPU
		{C289071B-B0AA-44A8-8727-689D5DFD06F7}.Release|Any CPU.ActiveCfg = Release|Any CPU
		{C289071B-B0AA-44A8-8727-689D5DFD06F7}.Release|Any CPU.Build.0 = Release|Any CPU
		{A1521AB5-9773-415A-ACAA-83D809832F36}.Debug|Any CPU.ActiveCfg = Debug|Any CPU
		{A1521AB5-9773-415A-ACAA-83D809832F36}.Debug|Any CPU.Build.0 = Debug|Any CPU
		{A1521AB5-9773-415A-ACAA-83D809832F36}.Release|Any CPU.ActiveCfg = Release|Any CPU
		{A1521AB5-9773-415A-ACAA-83D809832F36}.Release|Any CPU.Build.0 = Release|Any CPU
		{DBF3AEF6-9D13-4E03-899B-561BCFDD9920}.Debug|Any CPU.ActiveCfg = Debug|Any CPU
		{DBF3AEF6-9D13-4E03-899B-561BCFDD9920}.Debug|Any CPU.Build.0 = Debug|Any CPU
		{DBF3AEF6-9D13-4E03-899B-561BCFDD9920}.Release|Any CPU.ActiveCfg = Release|Any CPU
		{DBF3AEF6-9D13-4E03-899B-561BCFDD9920}.Release|Any CPU.Build.0 = Release|Any CPU
		{2CE5502D-8710-4BE3-9D90-201D526904B3}.Debug|Any CPU.ActiveCfg = Debug|Any CPU
		{2CE5502D-8710-4BE3-9D90-201D526904B3}.Debug|Any CPU.Build.0 = Debug|Any CPU
		{2CE5502D-8710-4BE3-9D90-201D526904B3}.Release|Any CPU.ActiveCfg = Release|Any CPU
		{2CE5502D-8710-4BE3-9D90-201D526904B3}.Release|Any CPU.Build.0 = Release|Any CPU
		{067A2AB5-FDDE-4A65-BCA1-A7EF456057CF}.Debug|Any CPU.ActiveCfg = Debug|Any CPU
		{067A2AB5-FDDE-4A65-BCA1-A7EF456057CF}.Debug|Any CPU.Build.0 = Debug|Any CPU
		{067A2AB5-FDDE-4A65-BCA1-A7EF456057CF}.Release|Any CPU.ActiveCfg = Release|Any CPU
		{067A2AB5-FDDE-4A65-BCA1-A7EF456057CF}.Release|Any CPU.Build.0 = Release|Any CPU
	EndGlobalSection
	GlobalSection(SolutionProperties) = preSolution
		HideSolutionNode = FALSE
	EndGlobalSection
	GlobalSection(NestedProjects) = preSolution
		{DBF3AEF6-9D13-4E03-899B-561BCFDD9920} = {3925DAF3-B485-4274-AF76-FF8BC05A3085}
		{2CE5502D-8710-4BE3-9D90-201D526904B3} = {3925DAF3-B485-4274-AF76-FF8BC05A3085}
	EndGlobalSection
EndGlobal
